
Microsoft Visual Studio Solution File, Format Version 12.00
# Visual Studio Version 17
VisualStudioVersion = 17.8.34511.84
MinimumVisualStudioVersion = 10.0.40219.1
Project("{FAE04EC0-301F-11D3-BF4B-00C04F79EFBC}") = "Reservation", "Reservation.csproj", "{C3E930EB-1541-4B1E-B6A3-84F50401AE1A}"
EndProject
Global
	GlobalSection(SolutionConfigurationPlatforms) = preSolution
		Debug|Any CPU = Debug|Any CPU
		Release|Any CPU = Release|Any CPU
	EndGlobalSection
	GlobalSection(ProjectConfigurationPlatforms) = postSolution
		{C3E930EB-1541-4B1E-B6A3-84F50401AE1A}.Debug|Any CPU.ActiveCfg = Debug|Any CPU
		{C3E930EB-1541-4B1E-B6A3-84F50401AE1A}.Debug|Any CPU.Build.0 = Debug|Any CPU
		{C3E930EB-1541-4B1E-B6A3-84F50401AE1A}.Release|Any CPU.ActiveCfg = Release|Any CPU
		{C3E930EB-1541-4B1E-B6A3-84F50401AE1A}.Release|Any CPU.Build.0 = Release|Any CPU
	EndGlobalSection
	GlobalSection(SolutionProperties) = preSolution
		HideSolutionNode = FALSE
	EndGlobalSection
	GlobalSection(ExtensibilityGlobals) = postSolution
		SolutionGuid = {65436D27-8B2E-4A24-B604-4529EFD94270}
	EndGlobalSection
EndGlobal
